Microsoft Visual Studio Solution File, Format Version 12.00
# Visual Studio Version 17
VisualStudioVersion = 17.5.2.0
MinimumVisualStudioVersion = 10.0.40219.1
Project("{FAE04EC0-301F-11D3-BF4B-00C04F79EFBC}") = "RestAssuredDemo", "RestAssuredDemo\RestAssuredDemo.csproj", "{CE467997-354D-D023-A351-DBE58F19EF8B}"
EndProject
Global
	GlobalSection(SolutionConfigurationPlatforms) = preSolution
		Debug|Any CPU = Debug|Any CPU
		Release|Any CPU = Release|Any CPU
	EndGlobalSection
	GlobalSection(ProjectConfigurationPlatforms) = postSolution
		{CE467997-354D-D023-A351-DBE58F19EF8B}.Debug|Any CPU.ActiveCfg = Debug|Any CPU
		{CE467997-354D-D023-A351-DBE58F19EF8B}.Debug|Any CPU.Build.0 = Debug|Any CPU
		{CE467997-354D-D023-A351-DBE58F19EF8B}.Release|Any CPU.ActiveCfg = Release|Any CPU
		{CE467997-354D-D023-A351-DBE58F19EF8B}.Release|Any CPU.Build.0 = Release|Any CPU
	EndGlobalSection
	GlobalSection(SolutionProperties) = preSolution
		HideSolutionNode = FALSE
	EndGlobalSection
	GlobalSection(ExtensibilityGlobals) = postSolution
		SolutionGuid = {D90DA47E-77F9-40CD-80EB-39A741EE616D}
	EndGlobalSection
EndGlobal
